// !$*UTF8*$!
{
	archiveVersion = 1;
	classes = {
	};
	objectVersion = 56;
	objects = {

/* Begin PBXBuildFile section */
		451C72FF2AFFFE76007AC49B /* SettingsView.swift in Sources */ = {isa = PBXBuildFile; fileRef = 451C72FE2AFFFE76007AC49B /* SettingsView.swift */; };
		4529B1CE2AFF6F7400DA9353 /* AnyClockApp.swift in Sources */ = {isa = PBXBuildFile; fileRef = 4529B1CD2AFF6F7400DA9353 /* AnyClockApp.swift */; };
		4529B1D02AFF6F7400DA9353 /* ContentView.swift in Sources */ = {isa = PBXBuildFile; fileRef = 4529B1CF2AFF6F7400DA9353 /* ContentView.swift */; };
		4529B1D22AFF6F7400DA9353 /* Item.swift in Sources */ = {isa = PBXBuildFile; fileRef = 4529B1D12AFF6F7400DA9353 /* Item.swift */; };
		4529B1D42AFF6F7600DA9353 /* Assets.xcassets in Resources */ = {isa = PBXBuildFile; fileRef = 4529B1D32AFF6F7600DA9353 /* Assets.xcassets */; };
		4529B1D82AFF6F7600DA9353 /* Preview Assets.xcassets in Resources */ = {isa = PBXBuildFile; fileRef = 4529B1D72AFF6F7600DA9353 /* Preview Assets.xcassets */; };
		4529B1DF2AFF77E500DA9353 /* PixeloidSans-Bold.ttf in Resources */ = {isa = PBXBuildFile; fileRef = 4529B1DE2AFF77E100DA9353 /* PixeloidSans-Bold.ttf */; };
		4529B1E32AFFE4C200DA9353 /* NumberView.swift in Sources */ = {isa = PBXBuildFile; fileRef = 4529B1E22AFFE4C200DA9353 /* NumberView.swift */; };
		4529B1E52AFFE53E00DA9353 /* Utils.swift in Sources */ = {isa = PBXBuildFile; fileRef = 4529B1E42AFFE53E00DA9353 /* Utils.swift */; };
/* End PBXBuildFile section */

/* Begin PBXFileReference section */
		451C72FE2AFFFE76007AC49B /* SettingsView.swift */ = {isa = PBXFileReference; lastKnownFileType = sourcecode.swift; path = SettingsView.swift; sourceTree = "<group>"; };
		4529B1CA2AFF6F7400DA9353 /* AnyClock.app */ = {isa = PBXFileReference; explicitFileType = wrapper.application; includeInIndex = 0; path = AnyClock.app; sourceTree = BUILT_PRODUCTS_DIR; };
		4529B1CD2AFF6F7400DA9353 /* AnyClockApp.swift */ = {isa = PBXFileReference; lastKnownFileType = sourcecode.swift; path = AnyClockApp.swift; sourceTree = "<group>"; };
		4529B1CF2AFF6F7400DA9353 /* ContentView.swift */ = {isa = PBXFileReference; lastKnownFileType = sourcecode.swift; path = ContentView.swift; sourceTree = "<group>"; };
		4529B1D12AFF6F7400DA9353 /* Item.swift */ = {isa = PBXFileReference; lastKnownFileType = sourcecode.swift; path = Item.swift; sourceTree = "<group>"; };
		4529B1D32AFF6F7600DA9353 /* Assets.xcassets */ = {isa = PBXFileReference; lastKnownFileType = folder.assetcatalog; path = Assets.xcassets; sourceTree = "<group>"; };
		4529B1D52AFF6F7600DA9353 /* AnyClock.entitlements */ = {isa = PBXFileReference; lastKnownFileType = text.plist.entitlements; path = AnyClock.entitlements; sourceTree = "<group>"; };
		4529B1D72AFF6F7600DA9353 /* Preview Assets.xcassets */ = {isa = PBXFileReference; lastKnownFileType = folder.assetcatalog; path = "Preview Assets.xcassets"; sourceTree = "<group>"; };
		4529B1DE2AFF77E100DA9353 /* PixeloidSans-Bold.ttf */ = {isa = PBXFileReference; lastKnownFileType = file; path = "PixeloidSans-Bold.ttf"; sourceTree = "<group>"; };
		4529B1E12AFF799800DA9353 /* Info.plist */ = {isa = PBXFileReference; lastKnownFileType = text.plist; path = Info.plist; sourceTree = "<group>"; };
		4529B1E22AFFE4C200DA9353 /* NumberView.swift */ = {isa = PBXFileReference; lastKnownFileType = sourcecode.swift; path = NumberView.swift; sourceTree = "<group>"; };
		4529B1E42AFFE53E00DA9353 /* Utils.swift */ = {isa = PBXFileReference; lastKnownFileType = sourcecode.swift; path = Utils.swift; sourceTree = "<group>"; };
/* End PBXFileReference section */

/* Begin PBXFrameworksBuildPhase section */
		4529B1C72AFF6F7400DA9353 /* Frameworks */ = {
			isa = PBXFrameworksBuildPhase;
			buildActionMask = 2147483647;
			files = (
			);
			runOnlyForDeploymentPostprocessing = 0;
		};
/* End PBXFrameworksBuildPhase section */

/* Begin PBXGroup section */
		4529B1C12AFF6F7400DA9353 = {
			isa = PBXGroup;
			children = (
				451C72FE2AFFFE76007AC49B /* SettingsView.swift */,
				4529B1CC2AFF6F7400DA9353 /* AnyClock */,
				4529B1CB2AFF6F7400DA9353 /* Products */,
			);
			sourceTree = "<group>";
		};
		4529B1CB2AFF6F7400DA9353 /* Products */ = {
			isa = PBXGroup;
			children = (
				4529B1CA2AFF6F7400DA9353 /* AnyClock.app */,
			);
			name = Products;
			sourceTree = "<group>";
		};
		4529B1CC2AFF6F7400DA9353 /* AnyClock */ = {
			isa = PBXGroup;
			children = (
				4529B1E12AFF799800DA9353 /* Info.plist */,
				4529B1E02AFF788000DA9353 /* Fonts */,
				4529B1CD2AFF6F7400DA9353 /* AnyClockApp.swift */,
				4529B1CF2AFF6F7400DA9353 /* ContentView.swift */,
				4529B1D12AFF6F7400DA9353 /* Item.swift */,
				4529B1D32AFF6F7600DA9353 /* Assets.xcassets */,
				4529B1D52AFF6F7600DA9353 /* AnyClock.entitlements */,
				4529B1D62AFF6F7600DA9353 /* Preview Content */,
				4529B1E22AFFE4C200DA9353 /* NumberView.swift */,
				4529B1E42AFFE53E00DA9353 /* Utils.swift */,
			);
			path = AnyClock;
			sourceTree = "<group>";
		};
		4529B1D62AFF6F7600DA9353 /* Preview Content */ = {
			isa = PBXGroup;
			children = (
				4529B1D72AFF6F7600DA9353 /* Preview Assets.xcassets */,
			);
			path = "Preview Content";
			sourceTree = "<group>";
		};
		4529B1E02AFF788000DA9353 /* Fonts */ = {
			isa = PBXGroup;
			children = (
				4529B1DE2AFF77E100DA9353 /* PixeloidSans-Bold.ttf */,
			);
			path = Fonts;
			sourceTree = "<group>";
		};
/* End PBXGroup section */

/* Begin PBXNativeTarget section */
		4529B1C92AFF6F7400DA9353 /* AnyClock */ = {
			isa = PBXNativeTarget;
			buildConfigurationList = 4529B1DB2AFF6F7600DA9353 /* Build configuration list for PBXNativeTarget "AnyClock" */;
			buildPhases = (
				4529B1C62AFF6F7400DA9353 /* Sources */,
				4529B1C72AFF6F7400DA9353 /* Frameworks */,
				4529B1C82AFF6F7400DA9353 /* Resources */,
			);
			buildRules = (
			);
			dependencies = (
			);
			name = AnyClock;
			productName = AnyClock;
			productReference = 4529B1CA2AFF6F7400DA9353 /* AnyClock.app */;
			productType = "com.apple.product-type.application";
		};
/* End PBXNativeTarget section */

/* Begin PBXProject section */
		4529B1C22AFF6F7400DA9353 /* Project object */ = {
			isa = PBXProject;
			attributes = {
				BuildIndependentTargetsInParallel = 1;
				LastSwiftUpdateCheck = 1500;
				LastUpgradeCheck = 1500;
				TargetAttributes = {
					4529B1C92AFF6F7400DA9353 = {
						CreatedOnToolsVersion = 15.0.1;
					};
				};
			};
			buildConfigurationList = 4529B1C52AFF6F7400DA9353 /* Build configuration list for PBXProject "AnyClock" */;
			compatibilityVersion = "Xcode 14.0";
			developmentRegion = "zh-Hans";
			hasScannedForEncodings = 0;
			knownRegions = (
				en,
				Base,
				"zh-Hans",
			);
			mainGroup = 4529B1C12AFF6F7400DA9353;
			productRefGroup = 4529B1CB2AFF6F7400DA9353 /* Products */;
			projectDirPath = "";
			projectRoot = "";
			targets = (
				4529B1C92AFF6F7400DA9353 /* AnyClock */,
			);
		};
/* End PBXProject section */

/* Begin PBXResourcesBuildPhase section */
		4529B1C82AFF6F7400DA9353 /* Resources */ = {
			isa = PBXResourcesBuildPhase;
			buildActionMask = 2147483647;
			files = (
				4529B1D82AFF6F7600DA9353 /* Preview Assets.xcassets in Resources */,
				4529B1DF2AFF77E500DA9353 /* PixeloidSans-Bold.ttf in Resources */,
				4529B1D42AFF6F7600DA9353 /* Assets.xcassets in Resources */,
			);
			runOnlyForDeploymentPostprocessing = 0;
		};
/* End PBXResourcesBuildPhase section */

/* Begin PBXSourcesBuildPhase section */
		4529B1C62AFF6F7400DA9353 /* Sources */ = {
			isa = PBXSourcesBuildPhase;
			buildActionMask = 2147483647;
			files = (
				4529B1E52AFFE53E00DA9353 /* Utils.swift in Sources */,
				4529B1D02AFF6F7400DA9353 /* ContentView.swift in Sources */,
				4529B1D22AFF6F7400DA9353 /* Item.swift in Sources */,
				451C72FF2AFFFE76007AC49B /* SettingsView.swift in Sources */,
				4529B1CE2AFF6F7400DA9353 /* AnyClockApp.swift in Sources */,
				4529B1E32AFFE4C200DA9353 /* NumberView.swift in Sources */,
			);
			runOnlyForDeploymentPostprocessing = 0;
		};
/* End PBXSourcesBuildPhase section */

/* Begin XCBuildConfiguration section */
		4529B1D92AFF6F7600DA9353 /* Debug */ = {
			isa = XCBuildConfiguration;
			buildSettings = {
				ALWAYS_SEARCH_USER_PATHS = NO;
				ASSETCATALOG_COMPILER_GENERATE_SWIFT_ASSET_SYMBOL_EXTENSIONS = YES;
				CLANG_ANALYZER_NONNULL = YES;
				CLANG_ANALYZER_NUMBER_OBJECT_CONVERSION = YES_AGGRESSIVE;
				CLANG_CXX_LANGUAGE_STANDARD = "gnu++20";
				CLANG_ENABLE_MODULES = YES;
				CLANG_ENABLE_OBJC_ARC = YES;
				CLANG_ENABLE_OBJC_WEAK = YES;
				CLANG_WARN_BLOCK_CAPTURE_AUTORELEASING = YES;
				CLANG_WARN_BOOL_CONVERSION = YES;
				CLANG_WARN_COMMA = YES;
				CLANG_WARN_CONSTANT_CONVERSION = YES;
				CLANG_WARN_DEPRECATED_OBJC_IMPLEMENTATIONS = YES;
				CLANG_WARN_DIRECT_OBJC_ISA_USAGE = YES_ERROR;
				CLANG_WARN_DOCUMENTATION_COMMENTS = YES;
				CLANG_WARN_EMPTY_BODY = YES;
				CLANG_WARN_ENUM_CONVERSION = YES;
				CLANG_WARN_INFINITE_RECURSION = YES;
				CLANG_WARN_INT_CONVERSION = YES;
				CLANG_WARN_NON_LITERAL_NULL_CONVERSION = YES;
				CLANG_WARN_OBJC_IMPLICIT_RETAIN_SELF = YES;
				CLANG_WARN_OBJC_LITERAL_CONVERSION = YES;
				CLANG_WARN_OBJC_ROOT_CLASS = YES_ERROR;
				CLANG_WARN_QUOTED_INCLUDE_IN_FRAMEWORK_HEADER = YES;
				CLANG_WARN_RANGE_LOOP_ANALYSIS = YES;
				CLANG_WARN_STRICT_PROTOTYPES = YES;
				CLANG_WARN_SUSPICIOUS_MOVE = YES;
				CLANG_WARN_UNGUARDED_AVAILABILITY = YES_AGGRESSIVE;
				CLANG_WARN_UNREACHABLE_CODE = YES;
				CLANG_WARN__DUPLICATE_METHOD_MATCH = YES;
				COPY_PHASE_STRIP = NO;
				DEBUG_INFORMATION_FORMAT = dwarf;
				ENABLE_STRICT_OBJC_MSGSEND = YES;
				ENABLE_TESTABILITY = YES;
				ENABLE_USER_SCRIPT_SANDBOXING = YES;
				GCC_C_LANGUAGE_STANDARD = gnu17;
				GCC_DYNAMIC_NO_PIC = NO;
				GCC_NO_COMMON_BLOCKS = YES;
				GCC_OPTIMIZATION_LEVEL = 0;
				GCC_PREPROCESSOR_DEFINITIONS = (
					"DEBUG=1",
					"$(inherited)",
				);
				GCC_WARN_64_TO_32_BIT_CONVERSION = YES;
				GCC_WARN_ABOUT_RETURN_TYPE = YES_ERROR;
				GCC_WARN_UNDECLARED_SELECTOR = YES;
				GCC_WARN_UNINITIALIZED_AUTOS = YES_AGGRESSIVE;
				GCC_WARN_UNUSED_FUNCTION = YES;
				GCC_WARN_UNUSED_VARIABLE = YES;
				LOCALIZATION_PREFERS_STRING_CATALOGS = YES;
				MTL_ENABLE_DEBUG_INFO = INCLUDE_SOURCE;
				MTL_FAST_MATH = YES;
				ONLY_ACTIVE_ARCH = YES;
				SWIFT_ACTIVE_COMPILATION_CONDITIONS = "DEBUG $(inherited)";
				SWIFT_OPTIMIZATION_LEVEL = "-Onone";
			};
			name = Debug;
		};
		4529B1DA2AFF6F7600DA9353 /* Release */ = {
			isa = XCBuildConfiguration;
			buildSettings = {
				ALWAYS_SEARCH_USER_PATHS = NO;
				ASSETCATALOG_COMPILER_GENERATE_SWIFT_ASSET_SYMBOL_EXTENSIONS = YES;
				CLANG_ANALYZER_NONNULL = YES;
				CLANG_ANALYZER_NUMBER_OBJECT_CONVERSION = YES_AGGRESSIVE;
				CLANG_CXX_LANGUAGE_STANDARD = "gnu++20";
				CLANG_ENABLE_MODULES = YES;
				CLANG_ENABLE_OBJC_ARC = YES;
				CLANG_ENABLE_OBJC_WEAK = YES;
				CLANG_WARN_BLOCK_CAPTURE_AUTORELEASING = YES;
				CLANG_WARN_BOOL_CONVERSION = YES;
				CLANG_WARN_COMMA = YES;
				CLANG_WARN_CONSTANT_CONVERSION = YES;
				CLANG_WARN_DEPRECATED_OBJC_IMPLEMENTATIONS = YES;
				CLANG_WARN_DIRECT_OBJC_ISA_USAGE = YES_ERROR;
				CLANG_WARN_DOCUMENTATION_COMMENTS = YES;
				CLANG_WARN_EMPTY_BODY = YES;
				CLANG_WARN_ENUM_CONVERSION = YES;
				CLANG_WARN_INFINITE_RECURSION = YES;
				CLANG_WARN_INT_CONVERSION = YES;
				CLANG_WARN_NON_LITERAL_NULL_CONVERSION = YES;
				CLANG_WARN_OBJC_IMPLICIT_RETAIN_SELF = YES;
				CLANG_WARN_OBJC_LITERAL_CONVERSION = YES;
				CLANG_WARN_OBJC_ROOT_CLASS = YES_ERROR;
				CLANG_WARN_QUOTED_INCLUDE_IN_FRAMEWORK_HEADER = YES;
				CLANG_WARN_RANGE_LOOP_ANALYSIS = YES;
				CLANG_WARN_STRICT_PROTOTYPES = YES;
				CLANG_WARN_SUSPICIOUS_MOVE = YES;
				CLANG_WARN_UNGUARDED_AVAILABILITY = YES_AGGRESSIVE;
				CLANG_WARN_UNREACHABLE_CODE = YES;
				CLANG_WARN__DUPLICATE_METHOD_MATCH = YES;
				COPY_PHASE_STRIP = NO;
				DEBUG_INFORMATION_FORMAT = "dwarf-with-dsym";
				ENABLE_NS_ASSERTIONS = NO;
				ENABLE_STRICT_OBJC_MSGSEND = YES;
				ENABLE_USER_SCRIPT_SANDBOXING = YES;
				GCC_C_LANGUAGE_STANDARD = gnu17;
				GCC_NO_COMMON_BLOCKS = YES;
				GCC_WARN_64_TO_32_BIT_CONVERSION = YES;
				GCC_WARN_ABOUT_RETURN_TYPE = YES_ERROR;
				GCC_WARN_UNDECLARED_SELECTOR = YES;
				GCC_WARN_UNINITIALIZED_AUTOS = YES_AGGRESSIVE;
				GCC_WARN_UNUSED_FUNCTION = YES;
				GCC_WARN_UNUSED_VARIABLE = YES;
				LOCALIZATION_PREFERS_STRING_CATALOGS = YES;
				MTL_ENABLE_DEBUG_INFO = NO;
				MTL_FAST_MATH = YES;
				SWIFT_COMPILATION_MODE = wholemodule;
			};
			name = Release;
		};
		4529B1DC2AFF6F7600DA9353 /* Debug */ = {
			isa = XCBuildConfiguration;
			buildSettings = {
				ASSETCATALOG_COMPILER_APPICON_NAME = AppIcon;
				ASSETCATALOG_COMPILER_GLOBAL_ACCENT_COLOR_NAME = AccentColor;
				CODE_SIGN_ENTITLEMENTS = AnyClock/AnyClock.entitlements;
				CODE_SIGN_STYLE = Automatic;
				CURRENT_PROJECT_VERSION = 1;
				DEVELOPMENT_ASSET_PATHS = "\"AnyClock/Preview Content\"";
				DEVELOPMENT_TEAM = 3T73Y2T897;
				ENABLE_HARDENED_RUNTIME = YES;
				ENABLE_PREVIEWS = YES;
				GENERATE_INFOPLIST_FILE = YES;
				INFOPLIST_FILE = AnyClock/Info.plist;
				"INFOPLIST_KEY_UIApplicationSceneManifest_Generation[sdk=iphoneos*]" = YES;
				"INFOPLIST_KEY_UIApplicationSceneManifest_Generation[sdk=iphonesimulator*]" = YES;
				"INFOPLIST_KEY_UIApplicationSupportsIndirectInputEvents[sdk=iphoneos*]" = YES;
				"INFOPLIST_KEY_UIApplicationSupportsIndirectInputEvents[sdk=iphonesimulator*]" = YES;
				"INFOPLIST_KEY_UILaunchScreen_Generation[sdk=iphoneos*]" = YES;
				"INFOPLIST_KEY_UILaunchScreen_Generation[sdk=iphonesimulator*]" = YES;
				INFOPLIST_KEY_UIRequiresFullScreen = YES;
				INFOPLIST_KEY_UIStatusBarHidden = YES;
				"INFOPLIST_KEY_UIStatusBarStyle[sdk=iphoneos*]" = UIStatusBarStyleDefault;
				"INFOPLIST_KEY_UIStatusBarStyle[sdk=iphonesimulator*]" = UIStatusBarStyleDefault;
				INFOPLIST_KEY_UISupportedInterfaceOrientations = "UIInterfaceOrientationLandscapeLeft UIInterfaceOrientationLandscapeRight UIInterfaceOrientationPortrait UIInterfaceOrientationPortraitUpsideDown";
				IPHONEOS_DEPLOYMENT_TARGET = 17.0;
				LD_RUNPATH_SEARCH_PATHS = "@executable_path/Frameworks";
				"LD_RUNPATH_SEARCH_PATHS[sdk=macosx*]" = "@executable_path/../Frameworks";
				MACOSX_DEPLOYMENT_TARGET = 14.0;
				MARKETING_VERSION = 1.0;
				PRODUCT_BUNDLE_IDENTIFIER = studio.xclz.AnyClock;
				PRODUCT_NAME = "$(TARGET_NAME)";
				SDKROOT = auto;
				SUPPORTED_PLATFORMS = "iphoneos iphonesimulator macosx";
				SWIFT_EMIT_LOC_STRINGS = YES;
				SWIFT_VERSION = 5.0;
				TARGETED_DEVICE_FAMILY = "1,2";
			};
			name = Debug;
		};
		4529B1DD2AFF6F7600DA9353 /* Release */ = {
			isa = XCBuildConfiguration;
			buildSettings = {
				ASSETCATALOG_COMPILER_APPICON_NAME = AppIcon;
				ASSETCATALOG_COMPILER_GLOBAL_ACCENT_COLOR_NAME = AccentColor;
				CODE_SIGN_ENTITLEMENTS = AnyClock/AnyClock.entitlements;
				CODE_SIGN_STYLE = Automatic;
				CURRENT_PROJECT_VERSION = 1;
				DEVELOPMENT_ASSET_PATHS = "\"AnyClock/Preview Content\"";
				DEVELOPMENT_TEAM = 3T73Y2T897;
				ENABLE_HARDENED_RUNTIME = YES;
				ENABLE_PREVIEWS = YES;
				GENERATE_INFOPLIST_FILE = YES;
				INFOPLIST_FILE = AnyClock/Info.plist;
				"INFOPLIST_KEY_UIApplicationSceneManifest_Generation[sdk=iphoneos*]" = YES;
				"INFOPLIST_KEY_UIApplicationSceneManifest_Generation[sdk=iphonesimulator*]" = YES;
				"INFOPLIST_KEY_UIApplicationSupportsIndirectInputEvents[sdk=iphoneos*]" = YES;
				"INFOPLIST_KEY_UIApplicationSupportsIndirectInputEvents[sdk=iphonesimulator*]" = YES;
				"INFOPLIST_KEY_UILaunchScreen_Generation[sdk=iphoneos*]" = YES;
				"INFOPLIST_KEY_UILaunchScreen_Generation[sdk=iphonesimulator*]" = YES;
				INFOPLIST_KEY_UIRequiresFullScreen = YES;
				INFOPLIST_KEY_UIStatusBarHidden = YES;
				"INFOPLIST_KEY_UIStatusBarStyle[sdk=iphoneos*]" = UIStatusBarStyleDefault;
				"INFOPLIST_KEY_UIStatusBarStyle[sdk=iphonesimulator*]" = UIStatusBarStyleDefault;
				INFOPLIST_KEY_UISupportedInterfaceOrientations = "UIInterfaceOrientationLandscapeLeft UIInterfaceOrientationLandscapeRight UIInterfaceOrientationPortrait UIInterfaceOrientationPortraitUpsideDown";
				IPHONEOS_DEPLOYMENT_TARGET = 17.0;
				LD_RUNPATH_SEARCH_PATHS = "@executable_path/Frameworks";
				"LD_RUNPATH_SEARCH_PATHS[sdk=macosx*]" = "@executable_path/../Frameworks";
				MACOSX_DEPLOYMENT_TARGET = 14.0;
				MARKETING_VERSION = 1.0;
				PRODUCT_BUNDLE_IDENTIFIER = studio.xclz.AnyClock;
				PRODUCT_NAME = "$(TARGET_NAME)";
				SDKROOT = auto;
				SUPPORTED_PLATFORMS = "iphoneos iphonesimulator macosx";
				SWIFT_EMIT_LOC_STRINGS = YES;
				SWIFT_VERSION = 5.0;
				TARGETED_DEVICE_FAMILY = "1,2";
			};
			name = Release;
		};
/* End XCBuildConfiguration section */

/* Begin XCConfigurationList section */
		4529B1C52AFF6F7400DA9353 /* Build configuration list for PBXProject "AnyClock" */ = {
			isa = XCConfigurationList;
			buildConfigurations = (
				4529B1D92AFF6F7600DA9353 /* Debug */,
				4529B1DA2AFF6F7600DA9353 /* Release */,
			);
			defaultConfigurationIsVisible = 0;
			defaultConfigurationName = Release;
		};
		4529B1DB2AFF6F7600DA9353 /* Build configuration list for PBXNativeTarget "AnyClock" */ = {
			isa = XCConfigurationList;
			buildConfigurations = (
				4529B1DC2AFF6F7600DA9353 /* Debug */,
				4529B1DD2AFF6F7600DA9353 /* Release */,
			);
			defaultConfigurationIsVisible = 0;
			defaultConfigurationName = Release;
		};
/* End XCConfigurationList section */
	};
	rootObject = 4529B1C22AFF6F7400DA9353 /* Project object */;
}
